{
  "pins" : [
    {
      "identity" : "effects-library",
      "kind" : "remoteSourceControl",
      "location" : "https://github.com/GetStream/effects-library.git",
      "state" : {
        "revision" : "09ebd8e7536aa6dd70a48042244524e895ccd2aa",
        "version" : "1.0.0"
      }
    },
    {
      "identity" : "simpletoast",
      "kind" : "remoteSourceControl",
      "location" : "https://github.com/sanzaru/SimpleToast.git",
      "state" : {
        "revision" : "8dbc2e7c33cda25c0b2efafd59716cb9820c83eb",
        "version" : "0.8.1"
      }
    }
  ],
  "version" : 2
}
